
Microsoft Visual Studio Solution File, Format Version 12.00
# Visual Studio Version 16
VisualStudioVersion = 16.0.29123.88
MinimumVisualStudioVersion = 10.0.40219.1
Project("{FAE04EC0-301F-11D3-BF4B-00C04F79EFBC}") = "Binary search", "Binary search.csproj", "{FE703F2A-9D72-40B6-B80C-6D52F4506ED0}"
EndProject
Global
	GlobalSection(SolutionConfigurationPlatforms) = preSolution
		Debug|Any CPU = Debug|Any CPU
		Release|Any CPU = Release|Any CPU
	EndGlobalSection
	GlobalSection(ProjectConfigurationPlatforms) = postSolution
		{FE703F2A-9D72-40B6-B80C-6D52F4506ED0}.Debug|Any CPU.ActiveCfg = Debug|Any CPU
		{FE703F2A-9D72-40B6-B80C-6D52F4506ED0}.Debug|Any CPU.Build.0 = Debug|Any CPU
		{FE703F2A-9D72-40B6-B80C-6D52F4506ED0}.Release|Any CPU.ActiveCfg = Release|Any CPU
		{FE703F2A-9D72-40B6-B80C-6D52F4506ED0}.Release|Any CPU.Build.0 = Release|Any CPU
	EndGlobalSection
	GlobalSection(SolutionProperties) = preSolution
		HideSolutionNode = FALSE
	EndGlobalSection
	GlobalSection(ExtensibilityGlobals) = postSolution
		SolutionGuid = {59D9665B-392B-4337-9654-F55A3BDB314A}
	EndGlobalSection
EndGlobal
